<?xml version="1.0" encoding="UTF-8"?>
<CodeBlocks_project_file>
	<FileVersion major="1" minor="6"/>
	<Project>
		<Option title="Whiteboard"/>
		<Option makefile_is_custom="1"/>
		<Option compiler="gcc"/>
		<Option virtualFolders="CMake Files\;CMake Files\host\;CMake Files\host\resources\;CMake Files\..\;CMake Files\..\..\;CMake Files\..\..\..\;CMake Files\..\..\..\..\;CMake Files\..\..\..\..\..\;CMake Files\..\..\..\..\..\opt\;CMake Files\..\..\..\..\..\opt\Qt5.11.2\;CMake Files\..\..\..\..\..\opt\Qt5.11.2\5.11.2\;CMake Files\..\..\..\..\..\opt\Qt5.11.2\5.11.2\gcc_64\;CMake Files\..\..\..\..\..\opt\Qt5.11.2\5.11.2\gcc_64\lib\;CMake Files\..\..\..\..\..\opt\Qt5.11.2\5.11.2\gcc_64\lib\cmake\;CMake Files\..\..\..\..\..\opt\Qt5.11.2\5.11.2\gcc_64\lib\cmake\Qt5\;CMake Files\..\..\..\..\..\opt\Qt5.11.2\5.11.2\gcc_64\lib\cmake\Qt5Qml\;CMake Files\..\..\..\..\..\opt\Qt5.11.2\5.11.2\gcc_64\lib\cmake\Qt5Network\;CMake Files\..\..\..\..\..\opt\Qt5.11.2\5.11.2\gcc_64\lib\cmake\Qt5Core\;CMake Files\..\..\..\..\..\opt\Qt5.11.2\5.11.2\gcc_64\lib\cmake\Qt5Quick\;CMake Files\..\..\..\..\..\opt\Qt5.11.2\5.11.2\gcc_64\lib\cmake\Qt5Gui\;CMake Files\plugin\;CMake Files\plugin\resources\;"/>
		<Build>
			<Target title="all">
				<Option working_dir="/home/pawelbaczek/Documents/Qt/build-whiteboard-Desktop_Qt_5_11_2_GCC_64bit-Default"/>
				<Option type="4"/>
				<MakeCommands>
					<Build command="/usr/bin/make -j4 -f &quot;/home/pawelbaczek/Documents/Qt/build-whiteboard-Desktop_Qt_5_11_2_GCC_64bit-Default/Makefile&quot;  VERBOSE=1 all"/>
					<CompileFile command="/usr/bin/make -j4 -f &quot;/home/pawelbaczek/Documents/Qt/build-whiteboard-Desktop_Qt_5_11_2_GCC_64bit-Default/Makefile&quot;  VERBOSE=1 &quot;$file&quot;"/>
					<Clean command="/usr/bin/make -j4 -f &quot;/home/pawelbaczek/Documents/Qt/build-whiteboard-Desktop_Qt_5_11_2_GCC_64bit-Default/Makefile&quot;  VERBOSE=1 clean"/>
					<DistClean command="/usr/bin/make -j4 -f &quot;/home/pawelbaczek/Documents/Qt/build-whiteboard-Desktop_Qt_5_11_2_GCC_64bit-Default/Makefile&quot;  VERBOSE=1 clean"/>
				</MakeCommands>
			</Target>
			<Target title="rebuild_cache">
				<Option working_dir="/home/pawelbaczek/Documents/Qt/build-whiteboard-Desktop_Qt_5_11_2_GCC_64bit-Default"/>
				<Option type="4"/>
				<MakeCommands>
					<Build command="/usr/bin/make -j4 -f &quot;/home/pawelbaczek/Documents/Qt/build-whiteboard-Desktop_Qt_5_11_2_GCC_64bit-Default/Makefile&quot;  VERBOSE=1 rebuild_cache"/>
					<CompileFile command="/usr/bin/make -j4 -f &quot;/home/pawelbaczek/Documents/Qt/build-whiteboard-Desktop_Qt_5_11_2_GCC_64bit-Default/Makefile&quot;  VERBOSE=1 &quot;$file&quot;"/>
					<Clean command="/usr/bin/make -j4 -f &quot;/home/pawelbaczek/Documents/Qt/build-whiteboard-Desktop_Qt_5_11_2_GCC_64bit-Default/Makefile&quot;  VERBOSE=1 clean"/>
					<DistClean command="/usr/bin/make -j4 -f &quot;/home/pawelbaczek/Documents/Qt/build-whiteboard-Desktop_Qt_5_11_2_GCC_64bit-Default/Makefile&quot;  VERBOSE=1 clean"/>
				</MakeCommands>
			</Target>
			<Target title="edit_cache">
				<Option working_dir="/home/pawelbaczek/Documents/Qt/build-whiteboard-Desktop_Qt_5_11_2_GCC_64bit-Default"/>
				<Option type="4"/>
				<MakeCommands>
					<Build command="/usr/bin/make -j4 -f &quot;/home/pawelbaczek/Documents/Qt/build-whiteboard-Desktop_Qt_5_11_2_GCC_64bit-Default/Makefile&quot;  VERBOSE=1 edit_cache"/>
					<CompileFile command="/usr/bin/make -j4 -f &quot;/home/pawelbaczek/Documents/Qt/build-whiteboard-Desktop_Qt_5_11_2_GCC_64bit-Default/Makefile&quot;  VERBOSE=1 &quot;$file&quot;"/>
					<Clean command="/usr/bin/make -j4 -f &quot;/home/pawelbaczek/Documents/Qt/build-whiteboard-Desktop_Qt_5_11_2_GCC_64bit-Default/Makefile&quot;  VERBOSE=1 clean"/>
					<DistClean command="/usr/bin/make -j4 -f &quot;/home/pawelbaczek/Documents/Qt/build-whiteboard-Desktop_Qt_5_11_2_GCC_64bit-Default/Makefile&quot;  VERBOSE=1 clean"/>
				</MakeCommands>
			</Target>
			<Target title="WhiteboardPlugin">
				<Option output="/home/pawelbaczek/Documents/Qt/build-whiteboard-Desktop_Qt_5_11_2_GCC_64bit-Default/bin/Whiteboard/libWhiteboardPlugin.so" prefix_auto="0" extension_auto="0"/>
				<Option working_dir="/home/pawelbaczek/Documents/Qt/build-whiteboard-Desktop_Qt_5_11_2_GCC_64bit-Default/plugin"/>
				<Option object_output="./"/>
				<Option type="3"/>
				<Option compiler="gcc"/>
				<Compiler>
					<Add option="-DQT_QUICK_LIB"/>
					<Add option="-DQT_QML_LIB"/>
					<Add option="-DQT_NETWORK_LIB"/>
					<Add option="-DQT_CORE_LIB"/>
					<Add option="-DQT_NO_DEBUG"/>
					<Add option="-DQT_GUI_LIB"/>
					<Add directory="/home/pawelbaczek/Documents/Qt/build-whiteboard-Desktop_Qt_5_11_2_GCC_64bit-Default/plugin"/>
					<Add directory="/home/pawelbaczek/Documents/Qt/whiteboard/plugin"/>
					<Add directory="/home/pawelbaczek/Documents/Qt/build-whiteboard-Desktop_Qt_5_11_2_GCC_64bit-Default/plugin/WhiteboardPlugin_autogen/include"/>
					<Add directory="/home/pawelbaczek/Documents/Qt/whiteboard/plugin/headers"/>
					<Add directory="/opt/Qt5.11.2/5.11.2/gcc_64/include"/>
					<Add directory="/opt/Qt5.11.2/5.11.2/gcc_64/include/QtQuick"/>
					<Add directory="/opt/Qt5.11.2/5.11.2/gcc_64/include/QtQml"/>
					<Add directory="/opt/Qt5.11.2/5.11.2/gcc_64/include/QtNetwork"/>
					<Add directory="/opt/Qt5.11.2/5.11.2/gcc_64/include/QtCore"/>
					<Add directory="/opt/Qt5.11.2/5.11.2/gcc_64/./mkspecs/linux-g++"/>
					<Add directory="/opt/Qt5.11.2/5.11.2/gcc_64/include/QtGui"/>
					<Add directory="/usr/include/c++/7"/>
					<Add directory="/usr/include/x86_64-linux-gnu/c++/7"/>
					<Add directory="/usr/include/c++/7/backward"/>
					<Add directory="/usr/lib/gcc/x86_64-linux-gnu/7/include"/>
					<Add directory="/usr/local/include"/>
					<Add directory="/usr/lib/gcc/x86_64-linux-gnu/7/include-fixed"/>
					<Add directory="/usr/include/x86_64-linux-gnu"/>
					<Add directory="/usr/include"/>
				</Compiler>
				<MakeCommands>
					<Build command="/usr/bin/make -j4 -f &quot;/home/pawelbaczek/Documents/Qt/build-whiteboard-Desktop_Qt_5_11_2_GCC_64bit-Default/plugin/Makefile&quot;  VERBOSE=1 WhiteboardPlugin"/>
					<CompileFile command="/usr/bin/make -j4 -f &quot;/home/pawelbaczek/Documents/Qt/build-whiteboard-Desktop_Qt_5_11_2_GCC_64bit-Default/plugin/Makefile&quot;  VERBOSE=1 &quot;$file&quot;"/>
					<Clean command="/usr/bin/make -j4 -f &quot;/home/pawelbaczek/Documents/Qt/build-whiteboard-Desktop_Qt_5_11_2_GCC_64bit-Default/plugin/Makefile&quot;  VERBOSE=1 clean"/>
					<DistClean command="/usr/bin/make -j4 -f &quot;/home/pawelbaczek/Documents/Qt/build-whiteboard-Desktop_Qt_5_11_2_GCC_64bit-Default/plugin/Makefile&quot;  VERBOSE=1 clean"/>
				</MakeCommands>
			</Target>
			<Target title="WhiteboardPlugin/fast">
				<Option output="/home/pawelbaczek/Documents/Qt/build-whiteboard-Desktop_Qt_5_11_2_GCC_64bit-Default/bin/Whiteboard/libWhiteboardPlugin.so" prefix_auto="0" extension_auto="0"/>
				<Option working_dir="/home/pawelbaczek/Documents/Qt/build-whiteboard-Desktop_Qt_5_11_2_GCC_64bit-Default/plugin"/>
				<Option object_output="./"/>
				<Option type="3"/>
				<Option compiler="gcc"/>
				<Compiler>
					<Add option="-DQT_QUICK_LIB"/>
					<Add option="-DQT_QML_LIB"/>
					<Add option="-DQT_NETWORK_LIB"/>
					<Add option="-DQT_CORE_LIB"/>
					<Add option="-DQT_NO_DEBUG"/>
					<Add option="-DQT_GUI_LIB"/>
					<Add directory="/home/pawelbaczek/Documents/Qt/build-whiteboard-Desktop_Qt_5_11_2_GCC_64bit-Default/plugin"/>
					<Add directory="/home/pawelbaczek/Documents/Qt/whiteboard/plugin"/>
					<Add directory="/home/pawelbaczek/Documents/Qt/build-whiteboard-Desktop_Qt_5_11_2_GCC_64bit-Default/plugin/WhiteboardPlugin_autogen/include"/>
					<Add directory="/home/pawelbaczek/Documents/Qt/whiteboard/plugin/headers"/>
					<Add directory="/opt/Qt5.11.2/5.11.2/gcc_64/include"/>
					<Add directory="/opt/Qt5.11.2/5.11.2/gcc_64/include/QtQuick"/>
					<Add directory="/opt/Qt5.11.2/5.11.2/gcc_64/include/QtQml"/>
					<Add directory="/opt/Qt5.11.2/5.11.2/gcc_64/include/QtNetwork"/>
					<Add directory="/opt/Qt5.11.2/5.11.2/gcc_64/include/QtCore"/>
					<Add directory="/opt/Qt5.11.2/5.11.2/gcc_64/./mkspecs/linux-g++"/>
					<Add directory="/opt/Qt5.11.2/5.11.2/gcc_64/include/QtGui"/>
					<Add directory="/usr/include/c++/7"/>
					<Add directory="/usr/include/x86_64-linux-gnu/c++/7"/>
					<Add directory="/usr/include/c++/7/backward"/>
					<Add directory="/usr/lib/gcc/x86_64-linux-gnu/7/include"/>
					<Add directory="/usr/local/include"/>
					<Add directory="/usr/lib/gcc/x86_64-linux-gnu/7/include-fixed"/>
					<Add directory="/usr/include/x86_64-linux-gnu"/>
					<Add directory="/usr/include"/>
				</Compiler>
				<MakeCommands>
					<Build command="/usr/bin/make -j4 -f &quot;/home/pawelbaczek/Documents/Qt/build-whiteboard-Desktop_Qt_5_11_2_GCC_64bit-Default/plugin/Makefile&quot;  VERBOSE=1 WhiteboardPlugin/fast"/>
					<CompileFile command="/usr/bin/make -j4 -f &quot;/home/pawelbaczek/Documents/Qt/build-whiteboard-Desktop_Qt_5_11_2_GCC_64bit-Default/plugin/Makefile&quot;  VERBOSE=1 &quot;$file&quot;"/>
					<Clean command="/usr/bin/make -j4 -f &quot;/home/pawelbaczek/Documents/Qt/build-whiteboard-Desktop_Qt_5_11_2_GCC_64bit-Default/plugin/Makefile&quot;  VERBOSE=1 clean"/>
					<DistClean command="/usr/bin/make -j4 -f &quot;/home/pawelbaczek/Documents/Qt/build-whiteboard-Desktop_Qt_5_11_2_GCC_64bit-Default/plugin/Makefile&quot;  VERBOSE=1 clean"/>
				</MakeCommands>
			</Target>
			<Target title="WhiteboardPlugin_autogen">
				<Option working_dir="/home/pawelbaczek/Documents/Qt/build-whiteboard-Desktop_Qt_5_11_2_GCC_64bit-Default/plugin"/>
				<Option type="4"/>
				<MakeCommands>
					<Build command="/usr/bin/make -j4 -f &quot;/home/pawelbaczek/Documents/Qt/build-whiteboard-Desktop_Qt_5_11_2_GCC_64bit-Default/plugin/Makefile&quot;  VERBOSE=1 WhiteboardPlugin_autogen"/>
					<CompileFile command="/usr/bin/make -j4 -f &quot;/home/pawelbaczek/Documents/Qt/build-whiteboard-Desktop_Qt_5_11_2_GCC_64bit-Default/plugin/Makefile&quot;  VERBOSE=1 &quot;$file&quot;"/>
					<Clean command="/usr/bin/make -j4 -f &quot;/home/pawelbaczek/Documents/Qt/build-whiteboard-Desktop_Qt_5_11_2_GCC_64bit-Default/plugin/Makefile&quot;  VERBOSE=1 clean"/>
					<DistClean command="/usr/bin/make -j4 -f &quot;/home/pawelbaczek/Documents/Qt/build-whiteboard-Desktop_Qt_5_11_2_GCC_64bit-Default/plugin/Makefile&quot;  VERBOSE=1 clean"/>
				</MakeCommands>
			</Target>
			<Target title="TestHost">
				<Option output="/home/pawelbaczek/Documents/Qt/build-whiteboard-Desktop_Qt_5_11_2_GCC_64bit-Default/bin/TestHost" prefix_auto="0" extension_auto="0"/>
				<Option working_dir="/home/pawelbaczek/Documents/Qt/build-whiteboard-Desktop_Qt_5_11_2_GCC_64bit-Default/bin"/>
				<Option object_output="./"/>
				<Option type="1"/>
				<Option compiler="gcc"/>
				<Compiler>
					<Add option="-DQT_QUICK_LIB"/>
					<Add option="-DQT_QML_LIB"/>
					<Add option="-DQT_NETWORK_LIB"/>
					<Add option="-DQT_CORE_LIB"/>
					<Add option="-DQT_NO_DEBUG"/>
					<Add option="-DQT_GUI_LIB"/>
					<Add directory="/home/pawelbaczek/Documents/Qt/build-whiteboard-Desktop_Qt_5_11_2_GCC_64bit-Default/host"/>
					<Add directory="/home/pawelbaczek/Documents/Qt/whiteboard/host"/>
					<Add directory="/home/pawelbaczek/Documents/Qt/build-whiteboard-Desktop_Qt_5_11_2_GCC_64bit-Default/host/TestHost_autogen/include"/>
					<Add directory="/home/pawelbaczek/Documents/Qt/whiteboard/host/headers"/>
					<Add directory="/home/pawelbaczek/Documents/Qt/whiteboard/plugin/headers"/>
					<Add directory="/opt/Qt5.11.2/5.11.2/gcc_64/include"/>
					<Add directory="/opt/Qt5.11.2/5.11.2/gcc_64/include/QtQuick"/>
					<Add directory="/opt/Qt5.11.2/5.11.2/gcc_64/include/QtQml"/>
					<Add directory="/opt/Qt5.11.2/5.11.2/gcc_64/include/QtNetwork"/>
					<Add directory="/opt/Qt5.11.2/5.11.2/gcc_64/include/QtCore"/>
					<Add directory="/opt/Qt5.11.2/5.11.2/gcc_64/./mkspecs/linux-g++"/>
					<Add directory="/opt/Qt5.11.2/5.11.2/gcc_64/include/QtGui"/>
					<Add directory="/usr/include/c++/7"/>
					<Add directory="/usr/include/x86_64-linux-gnu/c++/7"/>
					<Add directory="/usr/include/c++/7/backward"/>
					<Add directory="/usr/lib/gcc/x86_64-linux-gnu/7/include"/>
					<Add directory="/usr/local/include"/>
					<Add directory="/usr/lib/gcc/x86_64-linux-gnu/7/include-fixed"/>
					<Add directory="/usr/include/x86_64-linux-gnu"/>
					<Add directory="/usr/include"/>
				</Compiler>
				<MakeCommands>
					<Build command="/usr/bin/make -j4 -f &quot;/home/pawelbaczek/Documents/Qt/build-whiteboard-Desktop_Qt_5_11_2_GCC_64bit-Default/host/Makefile&quot;  VERBOSE=1 TestHost"/>
					<CompileFile command="/usr/bin/make -j4 -f &quot;/home/pawelbaczek/Documents/Qt/build-whiteboard-Desktop_Qt_5_11_2_GCC_64bit-Default/host/Makefile&quot;  VERBOSE=1 &quot;$file&quot;"/>
					<Clean command="/usr/bin/make -j4 -f &quot;/home/pawelbaczek/Documents/Qt/build-whiteboard-Desktop_Qt_5_11_2_GCC_64bit-Default/host/Makefile&quot;  VERBOSE=1 clean"/>
					<DistClean command="/usr/bin/make -j4 -f &quot;/home/pawelbaczek/Documents/Qt/build-whiteboard-Desktop_Qt_5_11_2_GCC_64bit-Default/host/Makefile&quot;  VERBOSE=1 clean"/>
				</MakeCommands>
			</Target>
			<Target title="TestHost/fast">
				<Option output="/home/pawelbaczek/Documents/Qt/build-whiteboard-Desktop_Qt_5_11_2_GCC_64bit-Default/bin/TestHost" prefix_auto="0" extension_auto="0"/>
				<Option working_dir="/home/pawelbaczek/Documents/Qt/build-whiteboard-Desktop_Qt_5_11_2_GCC_64bit-Default/bin"/>
				<Option object_output="./"/>
				<Option type="1"/>
				<Option compiler="gcc"/>
				<Compiler>
					<Add option="-DQT_QUICK_LIB"/>
					<Add option="-DQT_QML_LIB"/>
					<Add option="-DQT_NETWORK_LIB"/>
					<Add option="-DQT_CORE_LIB"/>
					<Add option="-DQT_NO_DEBUG"/>
					<Add option="-DQT_GUI_LIB"/>
					<Add directory="/home/pawelbaczek/Documents/Qt/build-whiteboard-Desktop_Qt_5_11_2_GCC_64bit-Default/host"/>
					<Add directory="/home/pawelbaczek/Documents/Qt/whiteboard/host"/>
					<Add directory="/home/pawelbaczek/Documents/Qt/build-whiteboard-Desktop_Qt_5_11_2_GCC_64bit-Default/host/TestHost_autogen/include"/>
					<Add directory="/home/pawelbaczek/Documents/Qt/whiteboard/host/headers"/>
					<Add directory="/home/pawelbaczek/Documents/Qt/whiteboard/plugin/headers"/>
					<Add directory="/opt/Qt5.11.2/5.11.2/gcc_64/include"/>
					<Add directory="/opt/Qt5.11.2/5.11.2/gcc_64/include/QtQuick"/>
					<Add directory="/opt/Qt5.11.2/5.11.2/gcc_64/include/QtQml"/>
					<Add directory="/opt/Qt5.11.2/5.11.2/gcc_64/include/QtNetwork"/>
					<Add directory="/opt/Qt5.11.2/5.11.2/gcc_64/include/QtCore"/>
					<Add directory="/opt/Qt5.11.2/5.11.2/gcc_64/./mkspecs/linux-g++"/>
					<Add directory="/opt/Qt5.11.2/5.11.2/gcc_64/include/QtGui"/>
					<Add directory="/usr/include/c++/7"/>
					<Add directory="/usr/include/x86_64-linux-gnu/c++/7"/>
					<Add directory="/usr/include/c++/7/backward"/>
					<Add directory="/usr/lib/gcc/x86_64-linux-gnu/7/include"/>
					<Add directory="/usr/local/include"/>
					<Add directory="/usr/lib/gcc/x86_64-linux-gnu/7/include-fixed"/>
					<Add directory="/usr/include/x86_64-linux-gnu"/>
					<Add directory="/usr/include"/>
				</Compiler>
				<MakeCommands>
					<Build command="/usr/bin/make -j4 -f &quot;/home/pawelbaczek/Documents/Qt/build-whiteboard-Desktop_Qt_5_11_2_GCC_64bit-Default/host/Makefile&quot;  VERBOSE=1 TestHost/fast"/>
					<CompileFile command="/usr/bin/make -j4 -f &quot;/home/pawelbaczek/Documents/Qt/build-whiteboard-Desktop_Qt_5_11_2_GCC_64bit-Default/host/Makefile&quot;  VERBOSE=1 &quot;$file&quot;"/>
					<Clean command="/usr/bin/make -j4 -f &quot;/home/pawelbaczek/Documents/Qt/build-whiteboard-Desktop_Qt_5_11_2_GCC_64bit-Default/host/Makefile&quot;  VERBOSE=1 clean"/>
					<DistClean command="/usr/bin/make -j4 -f &quot;/home/pawelbaczek/Documents/Qt/build-whiteboard-Desktop_Qt_5_11_2_GCC_64bit-Default/host/Makefile&quot;  VERBOSE=1 clean"/>
				</MakeCommands>
			</Target>
			<Target title="TestHost_autogen">
				<Option working_dir="/home/pawelbaczek/Documents/Qt/build-whiteboard-Desktop_Qt_5_11_2_GCC_64bit-Default/host"/>
				<Option type="4"/>
				<MakeCommands>
					<Build command="/usr/bin/make -j4 -f &quot;/home/pawelbaczek/Documents/Qt/build-whiteboard-Desktop_Qt_5_11_2_GCC_64bit-Default/host/Makefile&quot;  VERBOSE=1 TestHost_autogen"/>
					<CompileFile command="/usr/bin/make -j4 -f &quot;/home/pawelbaczek/Documents/Qt/build-whiteboard-Desktop_Qt_5_11_2_GCC_64bit-Default/host/Makefile&quot;  VERBOSE=1 &quot;$file&quot;"/>
					<Clean command="/usr/bin/make -j4 -f &quot;/home/pawelbaczek/Documents/Qt/build-whiteboard-Desktop_Qt_5_11_2_GCC_64bit-Default/host/Makefile&quot;  VERBOSE=1 clean"/>
					<DistClean command="/usr/bin/make -j4 -f &quot;/home/pawelbaczek/Documents/Qt/build-whiteboard-Desktop_Qt_5_11_2_GCC_64bit-Default/host/Makefile&quot;  VERBOSE=1 clean"/>
				</MakeCommands>
			</Target>
		</Build>
		<Unit filename="/home/pawelbaczek/Documents/Qt/build-whiteboard-Desktop_Qt_5_11_2_GCC_64bit-Default/host/TestHost_autogen/3YJK5W5UP7/qrc_test.cpp">
			<Option target="TestHost"/>
		</Unit>
		<Unit filename="/home/pawelbaczek/Documents/Qt/build-whiteboard-Desktop_Qt_5_11_2_GCC_64bit-Default/host/TestHost_autogen/mocs_compilation.cpp">
			<Option target="TestHost"/>
		</Unit>
		<Unit filename="/home/pawelbaczek/Documents/Qt/build-whiteboard-Desktop_Qt_5_11_2_GCC_64bit-Default/plugin/WhiteboardPlugin_autogen/3YJK5W5UP7/qrc_plugin.cpp">
			<Option target="WhiteboardPlugin"/>
		</Unit>
		<Unit filename="/home/pawelbaczek/Documents/Qt/build-whiteboard-Desktop_Qt_5_11_2_GCC_64bit-Default/plugin/WhiteboardPlugin_autogen/mocs_compilation.cpp">
			<Option target="WhiteboardPlugin"/>
		</Unit>
		<Unit filename="/home/pawelbaczek/Documents/Qt/whiteboard/host/headers/network_device.h">
			<Option target="TestHost"/>
		</Unit>
		<Unit filename="/home/pawelbaczek/Documents/Qt/whiteboard/host/resources/test.qrc">
			<Option target="TestHost"/>
		</Unit>
		<Unit filename="/home/pawelbaczek/Documents/Qt/whiteboard/host/sources/main.cpp">
			<Option target="TestHost"/>
		</Unit>
		<Unit filename="/home/pawelbaczek/Documents/Qt/whiteboard/host/sources/network_device.cpp">
			<Option target="TestHost"/>
		</Unit>
		<Unit filename="/home/pawelbaczek/Documents/Qt/whiteboard/plugin/headers/arrow.h">
			<Option target="WhiteboardPlugin"/>
		</Unit>
		<Unit filename="/home/pawelbaczek/Documents/Qt/whiteboard/plugin/headers/bounding_box.h">
			<Option target="WhiteboardPlugin"/>
		</Unit>
		<Unit filename="/home/pawelbaczek/Documents/Qt/whiteboard/plugin/headers/cactus.h">
			<Option target="WhiteboardPlugin"/>
		</Unit>
		<Unit filename="/home/pawelbaczek/Documents/Qt/whiteboard/plugin/headers/dash_line.h">
			<Option target="WhiteboardPlugin"/>
		</Unit>
		<Unit filename="/home/pawelbaczek/Documents/Qt/whiteboard/plugin/headers/drawing_client.h">
			<Option target="WhiteboardPlugin"/>
		</Unit>
		<Unit filename="/home/pawelbaczek/Documents/Qt/whiteboard/plugin/headers/drawing_server.h">
			<Option target="WhiteboardPlugin"/>
		</Unit>
		<Unit filename="/home/pawelbaczek/Documents/Qt/whiteboard/plugin/headers/ellipse.h">
			<Option target="WhiteboardPlugin"/>
		</Unit>
		<Unit filename="/home/pawelbaczek/Documents/Qt/whiteboard/plugin/headers/input_event.h">
			<Option target="WhiteboardPlugin"/>
		</Unit>
		<Unit filename="/home/pawelbaczek/Documents/Qt/whiteboard/plugin/headers/line.h">
			<Option target="WhiteboardPlugin"/>
		</Unit>
		<Unit filename="/home/pawelbaczek/Documents/Qt/whiteboard/plugin/headers/local_drawing_client.h">
			<Option target="WhiteboardPlugin"/>
		</Unit>
		<Unit filename="/home/pawelbaczek/Documents/Qt/whiteboard/plugin/headers/local_drawing_server.h">
			<Option target="WhiteboardPlugin"/>
		</Unit>
		<Unit filename="/home/pawelbaczek/Documents/Qt/whiteboard/plugin/headers/network_event.h">
			<Option target="WhiteboardPlugin"/>
		</Unit>
		<Unit filename="/home/pawelbaczek/Documents/Qt/whiteboard/plugin/headers/network_interface.h">
			<Option target="WhiteboardPlugin"/>
			<Option target="TestHost"/>
		</Unit>
		<Unit filename="/home/pawelbaczek/Documents/Qt/whiteboard/plugin/headers/rectangle.h">
			<Option target="WhiteboardPlugin"/>
		</Unit>
		<Unit filename="/home/pawelbaczek/Documents/Qt/whiteboard/plugin/headers/shape.h">
			<Option target="WhiteboardPlugin"/>
		</Unit>
		<Unit filename="/home/pawelbaczek/Documents/Qt/whiteboard/plugin/headers/shape_editor.h">
			<Option target="WhiteboardPlugin"/>
		</Unit>
		<Unit filename="/home/pawelbaczek/Documents/Qt/whiteboard/plugin/headers/shape_position.h">
			<Option target="WhiteboardPlugin"/>
		</Unit>
		<Unit filename="/home/pawelbaczek/Documents/Qt/whiteboard/plugin/headers/shape_style.h">
			<Option target="WhiteboardPlugin"/>
		</Unit>
		<Unit filename="/home/pawelbaczek/Documents/Qt/whiteboard/plugin/headers/straight_line.h">
			<Option target="WhiteboardPlugin"/>
		</Unit>
		<Unit filename="/home/pawelbaczek/Documents/Qt/whiteboard/plugin/headers/text.h">
			<Option target="WhiteboardPlugin"/>
		</Unit>
		<Unit filename="/home/pawelbaczek/Documents/Qt/whiteboard/plugin/headers/toolbox.h">
			<Option target="WhiteboardPlugin"/>
		</Unit>
		<Unit filename="/home/pawelbaczek/Documents/Qt/whiteboard/plugin/headers/virtual_drawing_client.h">
			<Option target="WhiteboardPlugin"/>
		</Unit>
		<Unit filename="/home/pawelbaczek/Documents/Qt/whiteboard/plugin/headers/virtual_drawing_server.h">
			<Option target="WhiteboardPlugin"/>
		</Unit>
		<Unit filename="/home/pawelbaczek/Documents/Qt/whiteboard/plugin/headers/whiteboard_input_backend.h">
			<Option target="WhiteboardPlugin"/>
		</Unit>
		<Unit filename="/home/pawelbaczek/Documents/Qt/whiteboard/plugin/headers/whiteboard_logic.h">
			<Option target="WhiteboardPlugin"/>
		</Unit>
		<Unit filename="/home/pawelbaczek/Documents/Qt/whiteboard/plugin/headers/whiteboard_plugin.h">
			<Option target="WhiteboardPlugin"/>
		</Unit>
		<Unit filename="/home/pawelbaczek/Documents/Qt/whiteboard/plugin/headers/whiteboard_quick_canvas.h">
			<Option target="WhiteboardPlugin"/>
		</Unit>
		<Unit filename="/home/pawelbaczek/Documents/Qt/whiteboard/plugin/resources/plugin.qrc">
			<Option target="WhiteboardPlugin"/>
		</Unit>
		<Unit filename="/home/pawelbaczek/Documents/Qt/whiteboard/plugin/resources/qmldir">
			<Option target="WhiteboardPlugin"/>
		</Unit>
		<Unit filename="/home/pawelbaczek/Documents/Qt/whiteboard/plugin/sources/arrow.cpp">
			<Option target="WhiteboardPlugin"/>
		</Unit>
		<Unit filename="/home/pawelbaczek/Documents/Qt/whiteboard/plugin/sources/bounding_box.cpp">
			<Option target="WhiteboardPlugin"/>
		</Unit>
		<Unit filename="/home/pawelbaczek/Documents/Qt/whiteboard/plugin/sources/cactus.cpp">
			<Option target="WhiteboardPlugin"/>
		</Unit>
		<Unit filename="/home/pawelbaczek/Documents/Qt/whiteboard/plugin/sources/dash_line.cpp">
			<Option target="WhiteboardPlugin"/>
		</Unit>
		<Unit filename="/home/pawelbaczek/Documents/Qt/whiteboard/plugin/sources/ellipse.cpp">
			<Option target="WhiteboardPlugin"/>
		</Unit>
		<Unit filename="/home/pawelbaczek/Documents/Qt/whiteboard/plugin/sources/input_event.cpp">
			<Option target="WhiteboardPlugin"/>
		</Unit>
		<Unit filename="/home/pawelbaczek/Documents/Qt/whiteboard/plugin/sources/line.cpp">
			<Option target="WhiteboardPlugin"/>
		</Unit>
		<Unit filename="/home/pawelbaczek/Documents/Qt/whiteboard/plugin/sources/local_drawing_client.cpp">
			<Option target="WhiteboardPlugin"/>
		</Unit>
		<Unit filename="/home/pawelbaczek/Documents/Qt/whiteboard/plugin/sources/local_drawing_server.cpp">
			<Option target="WhiteboardPlugin"/>
		</Unit>
		<Unit filename="/home/pawelbaczek/Documents/Qt/whiteboard/plugin/sources/network_event.cpp">
			<Option target="WhiteboardPlugin"/>
		</Unit>
		<Unit filename="/home/pawelbaczek/Documents/Qt/whiteboard/plugin/sources/rectangle.cpp">
			<Option target="WhiteboardPlugin"/>
		</Unit>
		<Unit filename="/home/pawelbaczek/Documents/Qt/whiteboard/plugin/sources/shape.cpp">
			<Option target="WhiteboardPlugin"/>
		</Unit>
		<Unit filename="/home/pawelbaczek/Documents/Qt/whiteboard/plugin/sources/shape_editor.cpp">
			<Option target="WhiteboardPlugin"/>
		</Unit>
		<Unit filename="/home/pawelbaczek/Documents/Qt/whiteboard/plugin/sources/shape_position.cpp">
			<Option target="WhiteboardPlugin"/>
		</Unit>
		<Unit filename="/home/pawelbaczek/Documents/Qt/whiteboard/plugin/sources/shape_style.cpp">
			<Option target="WhiteboardPlugin"/>
		</Unit>
		<Unit filename="/home/pawelbaczek/Documents/Qt/whiteboard/plugin/sources/straight_line.cpp">
			<Option target="WhiteboardPlugin"/>
		</Unit>
		<Unit filename="/home/pawelbaczek/Documents/Qt/whiteboard/plugin/sources/text.cpp">
			<Option target="WhiteboardPlugin"/>
		</Unit>
		<Unit filename="/home/pawelbaczek/Documents/Qt/whiteboard/plugin/sources/toolbox.cpp">
			<Option target="WhiteboardPlugin"/>
		</Unit>
		<Unit filename="/home/pawelbaczek/Documents/Qt/whiteboard/plugin/sources/virtual_drawing_client.cpp">
			<Option target="WhiteboardPlugin"/>
		</Unit>
		<Unit filename="/home/pawelbaczek/Documents/Qt/whiteboard/plugin/sources/virtual_drawing_server.cpp">
			<Option target="WhiteboardPlugin"/>
		</Unit>
		<Unit filename="/home/pawelbaczek/Documents/Qt/whiteboard/plugin/sources/whiteboard_input_backend.cpp">
			<Option target="WhiteboardPlugin"/>
		</Unit>
		<Unit filename="/home/pawelbaczek/Documents/Qt/whiteboard/plugin/sources/whiteboard_logic.cpp">
			<Option target="WhiteboardPlugin"/>
		</Unit>
		<Unit filename="/home/pawelbaczek/Documents/Qt/whiteboard/plugin/sources/whiteboard_plugin.cpp">
			<Option target="WhiteboardPlugin"/>
		</Unit>
		<Unit filename="/home/pawelbaczek/Documents/Qt/whiteboard/plugin/sources/whiteboard_quick_canvas.cpp">
			<Option target="WhiteboardPlugin"/>
		</Unit>
		<Unit filename="/home/pawelbaczek/Documents/Qt/whiteboard/CMakeLists.txt">
			<Option virtualFolder="CMake Files\"/>
		</Unit>
		<Unit filename="/home/pawelbaczek/Documents/Qt/whiteboard/host/CMakeLists.txt">
			<Option virtualFolder="CMake Files\host\"/>
		</Unit>
		<Unit filename="/home/pawelbaczek/Documents/Qt/whiteboard/host/resources/test.qrc">
			<Option virtualFolder="CMake Files\host\resources\"/>
		</Unit>
		<Unit filename="/home/pawelbaczek/Documents/Qt/whiteboard/../../../../../opt/Qt5.11.2/5.11.2/gcc_64/lib/cmake/Qt5/Qt5Config.cmake">
			<Option virtualFolder="CMake Files\..\..\..\..\..\opt\Qt5.11.2\5.11.2\gcc_64\lib\cmake\Qt5\"/>
		</Unit>
		<Unit filename="/home/pawelbaczek/Documents/Qt/whiteboard/../../../../../opt/Qt5.11.2/5.11.2/gcc_64/lib/cmake/Qt5/Qt5ConfigVersion.cmake">
			<Option virtualFolder="CMake Files\..\..\..\..\..\opt\Qt5.11.2\5.11.2\gcc_64\lib\cmake\Qt5\"/>
		</Unit>
		<Unit filename="/home/pawelbaczek/Documents/Qt/whiteboard/../../../../../opt/Qt5.11.2/5.11.2/gcc_64/lib/cmake/Qt5/Qt5ModuleLocation.cmake">
			<Option virtualFolder="CMake Files\..\..\..\..\..\opt\Qt5.11.2\5.11.2\gcc_64\lib\cmake\Qt5\"/>
		</Unit>
		<Unit filename="/home/pawelbaczek/Documents/Qt/whiteboard/../../../../../opt/Qt5.11.2/5.11.2/gcc_64/lib/cmake/Qt5Qml/Qt5QmlConfig.cmake">
			<Option virtualFolder="CMake Files\..\..\..\..\..\opt\Qt5.11.2\5.11.2\gcc_64\lib\cmake\Qt5Qml\"/>
		</Unit>
		<Unit filename="/home/pawelbaczek/Documents/Qt/whiteboard/../../../../../opt/Qt5.11.2/5.11.2/gcc_64/lib/cmake/Qt5Qml/Qt5QmlConfigExtras.cmake">
			<Option virtualFolder="CMake Files\..\..\..\..\..\opt\Qt5.11.2\5.11.2\gcc_64\lib\cmake\Qt5Qml\"/>
		</Unit>
		<Unit filename="/home/pawelbaczek/Documents/Qt/whiteboard/../../../../../opt/Qt5.11.2/5.11.2/gcc_64/lib/cmake/Qt5Qml/Qt5QmlConfigVersion.cmake">
			<Option virtualFolder="CMake Files\..\..\..\..\..\opt\Qt5.11.2\5.11.2\gcc_64\lib\cmake\Qt5Qml\"/>
		</Unit>
		<Unit filename="/home/pawelbaczek/Documents/Qt/whiteboard/../../../../../opt/Qt5.11.2/5.11.2/gcc_64/lib/cmake/Qt5Qml/Qt5Qml_QDebugMessageServiceFactory.cmake">
			<Option virtualFolder="CMake Files\..\..\..\..\..\opt\Qt5.11.2\5.11.2\gcc_64\lib\cmake\Qt5Qml\"/>
		</Unit>
		<Unit filename="/home/pawelbaczek/Documents/Qt/whiteboard/../../../../../opt/Qt5.11.2/5.11.2/gcc_64/lib/cmake/Qt5Qml/Qt5Qml_QLocalClientConnectionFactory.cmake">
			<Option virtualFolder="CMake Files\..\..\..\..\..\opt\Qt5.11.2\5.11.2\gcc_64\lib\cmake\Qt5Qml\"/>
		</Unit>
		<Unit filename="/home/pawelbaczek/Documents/Qt/whiteboard/../../../../../opt/Qt5.11.2/5.11.2/gcc_64/lib/cmake/Qt5Qml/Qt5Qml_QQmlDebugServerFactory.cmake">
			<Option virtualFolder="CMake Files\..\..\..\..\..\opt\Qt5.11.2\5.11.2\gcc_64\lib\cmake\Qt5Qml\"/>
		</Unit>
		<Unit filename="/home/pawelbaczek/Documents/Qt/whiteboard/../../../../../opt/Qt5.11.2/5.11.2/gcc_64/lib/cmake/Qt5Qml/Qt5Qml_QQmlDebuggerServiceFactory.cmake">
			<Option virtualFolder="CMake Files\..\..\..\..\..\opt\Qt5.11.2\5.11.2\gcc_64\lib\cmake\Qt5Qml\"/>
		</Unit>
		<Unit filename="/home/pawelbaczek/Documents/Qt/whiteboard/../../../../../opt/Qt5.11.2/5.11.2/gcc_64/lib/cmake/Qt5Qml/Qt5Qml_QQmlInspectorServiceFactory.cmake">
			<Option virtualFolder="CMake Files\..\..\..\..\..\opt\Qt5.11.2\5.11.2\gcc_64\lib\cmake\Qt5Qml\"/>
		</Unit>
		<Unit filename="/home/pawelbaczek/Documents/Qt/whiteboard/../../../../../opt/Qt5.11.2/5.11.2/gcc_64/lib/cmake/Qt5Qml/Qt5Qml_QQmlNativeDebugConnectorFactory.cmake">
			<Option virtualFolder="CMake Files\..\..\..\..\..\opt\Qt5.11.2\5.11.2\gcc_64\lib\cmake\Qt5Qml\"/>
		</Unit>
		<Unit filename="/home/pawelbaczek/Documents/Qt/whiteboard/../../../../../opt/Qt5.11.2/5.11.2/gcc_64/lib/cmake/Qt5Qml/Qt5Qml_QQmlNativeDebugServiceFactory.cmake">
			<Option virtualFolder="CMake Files\..\..\..\..\..\opt\Qt5.11.2\5.11.2\gcc_64\lib\cmake\Qt5Qml\"/>
		</Unit>
		<Unit filename="/home/pawelbaczek/Documents/Qt/whiteboard/../../../../../opt/Qt5.11.2/5.11.2/gcc_64/lib/cmake/Qt5Qml/Qt5Qml_QQmlProfilerServiceFactory.cmake">
			<Option virtualFolder="CMake Files\..\..\..\..\..\opt\Qt5.11.2\5.11.2\gcc_64\lib\cmake\Qt5Qml\"/>
		</Unit>
		<Unit filename="/home/pawelbaczek/Documents/Qt/whiteboard/../../../../../opt/Qt5.11.2/5.11.2/gcc_64/lib/cmake/Qt5Qml/Qt5Qml_QQuickProfilerAdapterFactory.cmake">
			<Option virtualFolder="CMake Files\..\..\..\..\..\opt\Qt5.11.2\5.11.2\gcc_64\lib\cmake\Qt5Qml\"/>
		</Unit>
		<Unit filename="/home/pawelbaczek/Documents/Qt/whiteboard/../../../../../opt/Qt5.11.2/5.11.2/gcc_64/lib/cmake/Qt5Qml/Qt5Qml_QTcpServerConnectionFactory.cmake">
			<Option virtualFolder="CMake Files\..\..\..\..\..\opt\Qt5.11.2\5.11.2\gcc_64\lib\cmake\Qt5Qml\"/>
		</Unit>
		<Unit filename="/home/pawelbaczek/Documents/Qt/whiteboard/../../../../../opt/Qt5.11.2/5.11.2/gcc_64/lib/cmake/Qt5Network/Qt5NetworkConfig.cmake">
			<Option virtualFolder="CMake Files\..\..\..\..\..\opt\Qt5.11.2\5.11.2\gcc_64\lib\cmake\Qt5Network\"/>
		</Unit>
		<Unit filename="/home/pawelbaczek/Documents/Qt/whiteboard/../../../../../opt/Qt5.11.2/5.11.2/gcc_64/lib/cmake/Qt5Network/Qt5NetworkConfigVersion.cmake">
			<Option virtualFolder="CMake Files\..\..\..\..\..\opt\Qt5.11.2\5.11.2\gcc_64\lib\cmake\Qt5Network\"/>
		</Unit>
		<Unit filename="/home/pawelbaczek/Documents/Qt/whiteboard/../../../../../opt/Qt5.11.2/5.11.2/gcc_64/lib/cmake/Qt5Network/Qt5Network_QConnmanEnginePlugin.cmake">
			<Option virtualFolder="CMake Files\..\..\..\..\..\opt\Qt5.11.2\5.11.2\gcc_64\lib\cmake\Qt5Network\"/>
		</Unit>
		<Unit filename="/home/pawelbaczek/Documents/Qt/whiteboard/../../../../../opt/Qt5.11.2/5.11.2/gcc_64/lib/cmake/Qt5Network/Qt5Network_QGenericEnginePlugin.cmake">
			<Option virtualFolder="CMake Files\..\..\..\..\..\opt\Qt5.11.2\5.11.2\gcc_64\lib\cmake\Qt5Network\"/>
		</Unit>
		<Unit filename="/home/pawelbaczek/Documents/Qt/whiteboard/../../../../../opt/Qt5.11.2/5.11.2/gcc_64/lib/cmake/Qt5Network/Qt5Network_QNetworkManagerEnginePlugin.cmake">
			<Option virtualFolder="CMake Files\..\..\..\..\..\opt\Qt5.11.2\5.11.2\gcc_64\lib\cmake\Qt5Network\"/>
		</Unit>
		<Unit filename="/home/pawelbaczek/Documents/Qt/whiteboard/../../../../../opt/Qt5.11.2/5.11.2/gcc_64/lib/cmake/Qt5Core/Qt5CoreConfig.cmake">
			<Option virtualFolder="CMake Files\..\..\..\..\..\opt\Qt5.11.2\5.11.2\gcc_64\lib\cmake\Qt5Core\"/>
		</Unit>
		<Unit filename="/home/pawelbaczek/Documents/Qt/whiteboard/../../../../../opt/Qt5.11.2/5.11.2/gcc_64/lib/cmake/Qt5Core/Qt5CoreConfigExtras.cmake">
			<Option virtualFolder="CMake Files\..\..\..\..\..\opt\Qt5.11.2\5.11.2\gcc_64\lib\cmake\Qt5Core\"/>
		</Unit>
		<Unit filename="/home/pawelbaczek/Documents/Qt/whiteboard/../../../../../opt/Qt5.11.2/5.11.2/gcc_64/lib/cmake/Qt5Core/Qt5CoreConfigExtrasMkspecDir.cmake">
			<Option virtualFolder="CMake Files\..\..\..\..\..\opt\Qt5.11.2\5.11.2\gcc_64\lib\cmake\Qt5Core\"/>
		</Unit>
		<Unit filename="/home/pawelbaczek/Documents/Qt/whiteboard/../../../../../opt/Qt5.11.2/5.11.2/gcc_64/lib/cmake/Qt5Core/Qt5CoreConfigVersion.cmake">
			<Option virtualFolder="CMake Files\..\..\..\..\..\opt\Qt5.11.2\5.11.2\gcc_64\lib\cmake\Qt5Core\"/>
		</Unit>
		<Unit filename="/home/pawelbaczek/Documents/Qt/whiteboard/../../../../../opt/Qt5.11.2/5.11.2/gcc_64/lib/cmake/Qt5Core/Qt5CoreMacros.cmake">
			<Option virtualFolder="CMake Files\..\..\..\..\..\opt\Qt5.11.2\5.11.2\gcc_64\lib\cmake\Qt5Core\"/>
		</Unit>
		<Unit filename="/home/pawelbaczek/Documents/Qt/whiteboard/../../../../../opt/Qt5.11.2/5.11.2/gcc_64/lib/cmake/Qt5Quick/Qt5QuickConfig.cmake">
			<Option virtualFolder="CMake Files\..\..\..\..\..\opt\Qt5.11.2\5.11.2\gcc_64\lib\cmake\Qt5Quick\"/>
		</Unit>
		<Unit filename="/home/pawelbaczek/Documents/Qt/whiteboard/../../../../../opt/Qt5.11.2/5.11.2/gcc_64/lib/cmake/Qt5Quick/Qt5QuickConfigVersion.cmake">
			<Option virtualFolder="CMake Files\..\..\..\..\..\opt\Qt5.11.2\5.11.2\gcc_64\lib\cmake\Qt5Quick\"/>
		</Unit>
		<Unit filename="/home/pawelbaczek/Documents/Qt/whiteboard/../../../../../opt/Qt5.11.2/5.11.2/gcc_64/lib/cmake/Qt5Gui/Qt5GuiConfig.cmake">
			<Option virtualFolder="CMake Files\..\..\..\..\..\opt\Qt5.11.2\5.11.2\gcc_64\lib\cmake\Qt5Gui\"/>
		</Unit>
		<Unit filename="/home/pawelbaczek/Documents/Qt/whiteboard/../../../../../opt/Qt5.11.2/5.11.2/gcc_64/lib/cmake/Qt5Gui/Qt5GuiConfigExtras.cmake">
			<Option virtualFolder="CMake Files\..\..\..\..\..\opt\Qt5.11.2\5.11.2\gcc_64\lib\cmake\Qt5Gui\"/>
		</Unit>
		<Unit filename="/home/pawelbaczek/Documents/Qt/whiteboard/../../../../../opt/Qt5.11.2/5.11.2/gcc_64/lib/cmake/Qt5Gui/Qt5GuiConfigVersion.cmake">
			<Option virtualFolder="CMake Files\..\..\..\..\..\opt\Qt5.11.2\5.11.2\gcc_64\lib\cmake\Qt5Gui\"/>
		</Unit>
		<Unit filename="/home/pawelbaczek/Documents/Qt/whiteboard/../../../../../opt/Qt5.11.2/5.11.2/gcc_64/lib/cmake/Qt5Gui/Qt5Gui_QComposePlatformInputContextPlugin.cmake">
			<Option virtualFolder="CMake Files\..\..\..\..\..\opt\Qt5.11.2\5.11.2\gcc_64\lib\cmake\Qt5Gui\"/>
		</Unit>
		<Unit filename="/home/pawelbaczek/Documents/Qt/whiteboard/../../../../../opt/Qt5.11.2/5.11.2/gcc_64/lib/cmake/Qt5Gui/Qt5Gui_QEglFSEmulatorIntegrationPlugin.cmake">
			<Option virtualFolder="CMake Files\..\..\..\..\..\opt\Qt5.11.2\5.11.2\gcc_64\lib\cmake\Qt5Gui\"/>
		</Unit>
		<Unit filename="/home/pawelbaczek/Documents/Qt/whiteboard/../../../../../opt/Qt5.11.2/5.11.2/gcc_64/lib/cmake/Qt5Gui/Qt5Gui_QEglFSIntegrationPlugin.cmake">
			<Option virtualFolder="CMake Files\..\..\..\..\..\opt\Qt5.11.2\5.11.2\gcc_64\lib\cmake\Qt5Gui\"/>
		</Unit>
		<Unit filename="/home/pawelbaczek/Documents/Qt/whiteboard/../../../../../opt/Qt5.11.2/5.11.2/gcc_64/lib/cmake/Qt5Gui/Qt5Gui_QEglFSKmsEglDeviceIntegrationPlugin.cmake">
			<Option virtualFolder="CMake Files\..\..\..\..\..\opt\Qt5.11.2\5.11.2\gcc_64\lib\cmake\Qt5Gui\"/>
		</Unit>
		<Unit filename="/home/pawelbaczek/Documents/Qt/whiteboard/../../../../../opt/Qt5.11.2/5.11.2/gcc_64/lib/cmake/Qt5Gui/Qt5Gui_QEglFSX11IntegrationPlugin.cmake">
			<Option virtualFolder="CMake Files\..\..\..\..\..\opt\Qt5.11.2\5.11.2\gcc_64\lib\cmake\Qt5Gui\"/>
		</Unit>
		<Unit filename="/home/pawelbaczek/Documents/Qt/whiteboard/../../../../../opt/Qt5.11.2/5.11.2/gcc_64/lib/cmake/Qt5Gui/Qt5Gui_QEvdevKeyboardPlugin.cmake">
			<Option virtualFolder="CMake Files\..\..\..\..\..\opt\Qt5.11.2\5.11.2\gcc_64\lib\cmake\Qt5Gui\"/>
		</Unit>
		<Unit filename="/home/pawelbaczek/Documents/Qt/whiteboard/../../../../../opt/Qt5.11.2/5.11.2/gcc_64/lib/cmake/Qt5Gui/Qt5Gui_QEvdevMousePlugin.cmake">
			<Option virtualFolder="CMake Files\..\..\..\..\..\opt\Qt5.11.2\5.11.2\gcc_64\lib\cmake\Qt5Gui\"/>
		</Unit>
		<Unit filename="/home/pawelbaczek/Documents/Qt/whiteboard/../../../../../opt/Qt5.11.2/5.11.2/gcc_64/lib/cmake/Qt5Gui/Qt5Gui_QEvdevTabletPlugin.cmake">
			<Option virtualFolder="CMake Files\..\..\..\..\..\opt\Qt5.11.2\5.11.2\gcc_64\lib\cmake\Qt5Gui\"/>
		</Unit>
		<Unit filename="/home/pawelbaczek/Documents/Qt/whiteboard/../../../../../opt/Qt5.11.2/5.11.2/gcc_64/lib/cmake/Qt5Gui/Qt5Gui_QEvdevTouchScreenPlugin.cmake">
			<Option virtualFolder="CMake Files\..\..\..\..\..\opt\Qt5.11.2\5.11.2\gcc_64\lib\cmake\Qt5Gui\"/>
		</Unit>
		<Unit filename="/home/pawelbaczek/Documents/Qt/whiteboard/../../../../../opt/Qt5.11.2/5.11.2/gcc_64/lib/cmake/Qt5Gui/Qt5Gui_QFlatpakThemePlugin.cmake">
			<Option virtualFolder="CMake Files\..\..\..\..\..\opt\Qt5.11.2\5.11.2\gcc_64\lib\cmake\Qt5Gui\"/>
		</Unit>
		<Unit filename="/home/pawelbaczek/Documents/Qt/whiteboard/../../../../../opt/Qt5.11.2/5.11.2/gcc_64/lib/cmake/Qt5Gui/Qt5Gui_QGifPlugin.cmake">
			<Option virtualFolder="CMake Files\..\..\..\..\..\opt\Qt5.11.2\5.11.2\gcc_64\lib\cmake\Qt5Gui\"/>
		</Unit>
		<Unit filename="/home/pawelbaczek/Documents/Qt/whiteboard/../../../../../opt/Qt5.11.2/5.11.2/gcc_64/lib/cmake/Qt5Gui/Qt5Gui_QGtk3ThemePlugin.cmake">
			<Option virtualFolder="CMake Files\..\..\..\..\..\opt\Qt5.11.2\5.11.2\gcc_64\lib\cmake\Qt5Gui\"/>
		</Unit>
		<Unit filename="/home/pawelbaczek/Documents/Qt/whiteboard/../../../../../opt/Qt5.11.2/5.11.2/gcc_64/lib/cmake/Qt5Gui/Qt5Gui_QICNSPlugin.cmake">
			<Option virtualFolder="CMake Files\..\..\..\..\..\opt\Qt5.11.2\5.11.2\gcc_64\lib\cmake\Qt5Gui\"/>
		</Unit>
		<Unit filename="/home/pawelbaczek/Documents/Qt/whiteboard/../../../../../opt/Qt5.11.2/5.11.2/gcc_64/lib/cmake/Qt5Gui/Qt5Gui_QICOPlugin.cmake">
			<Option virtualFolder="CMake Files\..\..\..\..\..\opt\Qt5.11.2\5.11.2\gcc_64\lib\cmake\Qt5Gui\"/>
		</Unit>
		<Unit filename="/home/pawelbaczek/Documents/Qt/whiteboard/../../../../../opt/Qt5.11.2/5.11.2/gcc_64/lib/cmake/Qt5Gui/Qt5Gui_QIbusPlatformInputContextPlugin.cmake">
			<Option virtualFolder="CMake Files\..\..\..\..\..\opt\Qt5.11.2\5.11.2\gcc_64\lib\cmake\Qt5Gui\"/>
		</Unit>
		<Unit filename="/home/pawelbaczek/Documents/Qt/whiteboard/../../../../../opt/Qt5.11.2/5.11.2/gcc_64/lib/cmake/Qt5Gui/Qt5Gui_QJpegPlugin.cmake">
			<Option virtualFolder="CMake Files\..\..\..\..\..\opt\Qt5.11.2\5.11.2\gcc_64\lib\cmake\Qt5Gui\"/>
		</Unit>
		<Unit filename="/home/pawelbaczek/Documents/Qt/whiteboard/../../../../../opt/Qt5.11.2/5.11.2/gcc_64/lib/cmake/Qt5Gui/Qt5Gui_QLinuxFbIntegrationPlugin.cmake">
			<Option virtualFolder="CMake Files\..\..\..\..\..\opt\Qt5.11.2\5.11.2\gcc_64\lib\cmake\Qt5Gui\"/>
		</Unit>
		<Unit filename="/home/pawelbaczek/Documents/Qt/whiteboard/../../../../../opt/Qt5.11.2/5.11.2/gcc_64/lib/cmake/Qt5Gui/Qt5Gui_QMinimalEglIntegrationPlugin.cmake">
			<Option virtualFolder="CMake Files\..\..\..\..\..\opt\Qt5.11.2\5.11.2\gcc_64\lib\cmake\Qt5Gui\"/>
		</Unit>
		<Unit filename="/home/pawelbaczek/Documents/Qt/whiteboard/../../../../../opt/Qt5.11.2/5.11.2/gcc_64/lib/cmake/Qt5Gui/Qt5Gui_QMinimalIntegrationPlugin.cmake">
			<Option virtualFolder="CMake Files\..\..\..\..\..\opt\Qt5.11.2\5.11.2\gcc_64\lib\cmake\Qt5Gui\"/>
		</Unit>
		<Unit filename="/home/pawelbaczek/Documents/Qt/whiteboard/../../../../../opt/Qt5.11.2/5.11.2/gcc_64/lib/cmake/Qt5Gui/Qt5Gui_QOffscreenIntegrationPlugin.cmake">
			<Option virtualFolder="CMake Files\..\..\..\..\..\opt\Qt5.11.2\5.11.2\gcc_64\lib\cmake\Qt5Gui\"/>
		</Unit>
		<Unit filename="/home/pawelbaczek/Documents/Qt/whiteboard/../../../../../opt/Qt5.11.2/5.11.2/gcc_64/lib/cmake/Qt5Gui/Qt5Gui_QTgaPlugin.cmake">
			<Option virtualFolder="CMake Files\..\..\..\..\..\opt\Qt5.11.2\5.11.2\gcc_64\lib\cmake\Qt5Gui\"/>
		</Unit>
		<Unit filename="/home/pawelbaczek/Documents/Qt/whiteboard/../../../../../opt/Qt5.11.2/5.11.2/gcc_64/lib/cmake/Qt5Gui/Qt5Gui_QTiffPlugin.cmake">
			<Option virtualFolder="CMake Files\..\..\..\..\..\opt\Qt5.11.2\5.11.2\gcc_64\lib\cmake\Qt5Gui\"/>
		</Unit>
		<Unit filename="/home/pawelbaczek/Documents/Qt/whiteboard/../../../../../opt/Qt5.11.2/5.11.2/gcc_64/lib/cmake/Qt5Gui/Qt5Gui_QTuioTouchPlugin.cmake">
			<Option virtualFolder="CMake Files\..\..\..\..\..\opt\Qt5.11.2\5.11.2\gcc_64\lib\cmake\Qt5Gui\"/>
		</Unit>
		<Unit filename="/home/pawelbaczek/Documents/Qt/whiteboard/../../../../../opt/Qt5.11.2/5.11.2/gcc_64/lib/cmake/Qt5Gui/Qt5Gui_QVirtualKeyboardPlugin.cmake">
			<Option virtualFolder="CMake Files\..\..\..\..\..\opt\Qt5.11.2\5.11.2\gcc_64\lib\cmake\Qt5Gui\"/>
		</Unit>
		<Unit filename="/home/pawelbaczek/Documents/Qt/whiteboard/../../../../../opt/Qt5.11.2/5.11.2/gcc_64/lib/cmake/Qt5Gui/Qt5Gui_QVncIntegrationPlugin.cmake">
			<Option virtualFolder="CMake Files\..\..\..\..\..\opt\Qt5.11.2\5.11.2\gcc_64\lib\cmake\Qt5Gui\"/>
		</Unit>
		<Unit filename="/home/pawelbaczek/Documents/Qt/whiteboard/../../../../../opt/Qt5.11.2/5.11.2/gcc_64/lib/cmake/Qt5Gui/Qt5Gui_QWaylandEglPlatformIntegrationPlugin.cmake">
			<Option virtualFolder="CMake Files\..\..\..\..\..\opt\Qt5.11.2\5.11.2\gcc_64\lib\cmake\Qt5Gui\"/>
		</Unit>
		<Unit filename="/home/pawelbaczek/Documents/Qt/whiteboard/../../../../../opt/Qt5.11.2/5.11.2/gcc_64/lib/cmake/Qt5Gui/Qt5Gui_QWaylandIntegrationPlugin.cmake">
			<Option virtualFolder="CMake Files\..\..\..\..\..\opt\Qt5.11.2\5.11.2\gcc_64\lib\cmake\Qt5Gui\"/>
		</Unit>
		<Unit filename="/home/pawelbaczek/Documents/Qt/whiteboard/../../../../../opt/Qt5.11.2/5.11.2/gcc_64/lib/cmake/Qt5Gui/Qt5Gui_QWaylandXCompositeEglPlatformIntegrationPlugin.cmake">
			<Option virtualFolder="CMake Files\..\..\..\..\..\opt\Qt5.11.2\5.11.2\gcc_64\lib\cmake\Qt5Gui\"/>
		</Unit>
		<Unit filename="/home/pawelbaczek/Documents/Qt/whiteboard/../../../../../opt/Qt5.11.2/5.11.2/gcc_64/lib/cmake/Qt5Gui/Qt5Gui_QWaylandXCompositeGlxPlatformIntegrationPlugin.cmake">
			<Option virtualFolder="CMake Files\..\..\..\..\..\opt\Qt5.11.2\5.11.2\gcc_64\lib\cmake\Qt5Gui\"/>
		</Unit>
		<Unit filename="/home/pawelbaczek/Documents/Qt/whiteboard/../../../../../opt/Qt5.11.2/5.11.2/gcc_64/lib/cmake/Qt5Gui/Qt5Gui_QWbmpPlugin.cmake">
			<Option virtualFolder="CMake Files\..\..\..\..\..\opt\Qt5.11.2\5.11.2\gcc_64\lib\cmake\Qt5Gui\"/>
		</Unit>
		<Unit filename="/home/pawelbaczek/Documents/Qt/whiteboard/../../../../../opt/Qt5.11.2/5.11.2/gcc_64/lib/cmake/Qt5Gui/Qt5Gui_QWebGLIntegrationPlugin.cmake">
			<Option virtualFolder="CMake Files\..\..\..\..\..\opt\Qt5.11.2\5.11.2\gcc_64\lib\cmake\Qt5Gui\"/>
		</Unit>
		<Unit filename="/home/pawelbaczek/Documents/Qt/whiteboard/../../../../../opt/Qt5.11.2/5.11.2/gcc_64/lib/cmake/Qt5Gui/Qt5Gui_QWebpPlugin.cmake">
			<Option virtualFolder="CMake Files\..\..\..\..\..\opt\Qt5.11.2\5.11.2\gcc_64\lib\cmake\Qt5Gui\"/>
		</Unit>
		<Unit filename="/home/pawelbaczek/Documents/Qt/whiteboard/../../../../../opt/Qt5.11.2/5.11.2/gcc_64/lib/cmake/Qt5Gui/Qt5Gui_QXcbEglIntegrationPlugin.cmake">
			<Option virtualFolder="CMake Files\..\..\..\..\..\opt\Qt5.11.2\5.11.2\gcc_64\lib\cmake\Qt5Gui\"/>
		</Unit>
		<Unit filename="/home/pawelbaczek/Documents/Qt/whiteboard/../../../../../opt/Qt5.11.2/5.11.2/gcc_64/lib/cmake/Qt5Gui/Qt5Gui_QXcbGlxIntegrationPlugin.cmake">
			<Option virtualFolder="CMake Files\..\..\..\..\..\opt\Qt5.11.2\5.11.2\gcc_64\lib\cmake\Qt5Gui\"/>
		</Unit>
		<Unit filename="/home/pawelbaczek/Documents/Qt/whiteboard/../../../../../opt/Qt5.11.2/5.11.2/gcc_64/lib/cmake/Qt5Gui/Qt5Gui_QXcbIntegrationPlugin.cmake">
			<Option virtualFolder="CMake Files\..\..\..\..\..\opt\Qt5.11.2\5.11.2\gcc_64\lib\cmake\Qt5Gui\"/>
		</Unit>
		<Unit filename="/home/pawelbaczek/Documents/Qt/whiteboard/plugin/CMakeLists.txt">
			<Option virtualFolder="CMake Files\plugin\"/>
		</Unit>
		<Unit filename="/home/pawelbaczek/Documents/Qt/whiteboard/plugin/resources/plugin.qrc">
			<Option virtualFolder="CMake Files\plugin\resources\"/>
		</Unit>
		<Unit filename="/home/pawelbaczek/Documents/Qt/whiteboard/plugin/resources/qmldir">
			<Option virtualFolder="CMake Files\plugin\resources\"/>
		</Unit>
	</Project>
</CodeBlocks_project_file>
